Microsoft Visual Studio Solution File, Format Version 10.00
# Visual Studio 2008
Project("{8BC9CEB8-8B4A-11D0-8D11-00A0C91BC942}") = "ALL_BUILD", ".\ALL_BUILD.vcproj", "{80D2AA12-761B-48F3-90A9-39260922051D}"
	ProjectSection(ProjectDependencies) = postProject
		{8BA8D85D-69C2-4C6D-87F6-5BE489AC4C6D} = {8BA8D85D-69C2-4C6D-87F6-5BE489AC4C6D}
		{71C0CC81-6C16-4E38-9D61-02A152011BEE} = {71C0CC81-6C16-4E38-9D61-02A152011BEE}
		{3A943F32-A6D5-4FA8-ACBF-B6EA0BA3C4A9} = {3A943F32-A6D5-4FA8-ACBF-B6EA0BA3C4A9}
		{99DDD9F2-8756-4084-ACE5-FE0AF6524418} = {99DDD9F2-8756-4084-ACE5-FE0AF6524418}
		{86D0E128-D8B0-44BE-AB32-9C091DA0C117} = {86D0E128-D8B0-44BE-AB32-9C091DA0C117}
		{9E359709-5EC0-42E9-91CB-9F9CF409F254} = {9E359709-5EC0-42E9-91CB-9F9CF409F254}
		{EBD064DA-5146-48A5-BA8A-9C32BF6A396A} = {EBD064DA-5146-48A5-BA8A-9C32BF6A396A}
		{69054208-EF0C-494E-AA7F-207B35F22B70} = {69054208-EF0C-494E-AA7F-207B35F22B70}
	EndProjectSection
EndProject
Project("{8BC9CEB8-8B4A-11D0-8D11-00A0C91BC942}") = "INSTALL", ".\INSTALL.vcproj", "{DCF80E71-F55A-4530-BF79-3B07A19F095A}"
	ProjectSection(ProjectDependencies) = postProject
		{80D2AA12-761B-48F3-90A9-39260922051D} = {80D2AA12-761B-48F3-90A9-39260922051D}
	EndProjectSection
EndProject
Project("{8BC9CEB8-8B4A-11D0-8D11-00A0C91BC942}") = "ZERO_CHECK", ".\ZERO_CHECK.vcproj", "{8BA8D85D-69C2-4C6D-87F6-5BE489AC4C6D}"
	ProjectSection(ProjectDependencies) = postProject
	EndProjectSection
EndProject
Project("{8BC9CEB8-8B4A-11D0-8D11-00A0C91BC942}") = "cdlookup", "examples\cdlookup.vcproj", "{71C0CC81-6C16-4E38-9D61-02A152011BEE}"
	ProjectSection(ProjectDependencies) = postProject
		{69054208-EF0C-494E-AA7F-207B35F22B70} = {69054208-EF0C-494E-AA7F-207B35F22B70}
		{8BA8D85D-69C2-4C6D-87F6-5BE489AC4C6D} = {8BA8D85D-69C2-4C6D-87F6-5BE489AC4C6D}
	EndProjectSection
EndProject
Project("{8BC9CEB8-8B4A-11D0-8D11-00A0C91BC942}") = "dist", ".\dist.vcproj", "{30C288F3-E46F-4199-85CB-DE4C0EC30D60}"
	ProjectSection(ProjectDependencies) = postProject
		{8BA8D85D-69C2-4C6D-87F6-5BE489AC4C6D} = {8BA8D85D-69C2-4C6D-87F6-5BE489AC4C6D}
	EndProjectSection
EndProject
Project("{8BC9CEB8-8B4A-11D0-8D11-00A0C91BC942}") = "docs", ".\docs.vcproj", "{FC2117E5-AD8B-4E48-B69A-D35EF85FA7FB}"
	ProjectSection(ProjectDependencies) = postProject
		{8BA8D85D-69C2-4C6D-87F6-5BE489AC4C6D} = {8BA8D85D-69C2-4C6D-87F6-5BE489AC4C6D}
	EndProjectSection
EndProject
Project("{8BC9CEB8-8B4A-11D0-8D11-00A0C91BC942}") = "findartist", "examples\findartist.vcproj", "{3A943F32-A6D5-4FA8-ACBF-B6EA0BA3C4A9}"
	ProjectSection(ProjectDependencies) = postProject
		{69054208-EF0C-494E-AA7F-207B35F22B70} = {69054208-EF0C-494E-AA7F-207B35F22B70}
		{8BA8D85D-69C2-4C6D-87F6-5BE489AC4C6D} = {8BA8D85D-69C2-4C6D-87F6-5BE489AC4C6D}
	EndProjectSection
EndProject
Project("{8BC9CEB8-8B4A-11D0-8D11-00A0C91BC942}") = "findtrack", "examples\findtrack.vcproj", "{99DDD9F2-8756-4084-ACE5-FE0AF6524418}"
	ProjectSection(ProjectDependencies) = postProject
		{69054208-EF0C-494E-AA7F-207B35F22B70} = {69054208-EF0C-494E-AA7F-207B35F22B70}
		{8BA8D85D-69C2-4C6D-87F6-5BE489AC4C6D} = {8BA8D85D-69C2-4C6D-87F6-5BE489AC4C6D}
	EndProjectSection
EndProject
Project("{8BC9CEB8-8B4A-11D0-8D11-00A0C91BC942}") = "getartist", "examples\getartist.vcproj", "{86D0E128-D8B0-44BE-AB32-9C091DA0C117}"
	ProjectSection(ProjectDependencies) = postProject
		{69054208-EF0C-494E-AA7F-207B35F22B70} = {69054208-EF0C-494E-AA7F-207B35F22B70}
		{8BA8D85D-69C2-4C6D-87F6-5BE489AC4C6D} = {8BA8D85D-69C2-4C6D-87F6-5BE489AC4C6D}
	EndProjectSection
EndProject
Project("{8BC9CEB8-8B4A-11D0-8D11-00A0C91BC942}") = "getartist_c", "examples\getartist_c.vcproj", "{9E359709-5EC0-42E9-91CB-9F9CF409F254}"
	ProjectSection(ProjectDependencies) = postProject
		{69054208-EF0C-494E-AA7F-207B35F22B70} = {69054208-EF0C-494E-AA7F-207B35F22B70}
		{8BA8D85D-69C2-4C6D-87F6-5BE489AC4C6D} = {8BA8D85D-69C2-4C6D-87F6-5BE489AC4C6D}
	EndProjectSection
EndProject
Project("{8BC9CEB8-8B4A-11D0-8D11-00A0C91BC942}") = "getuser", "examples\getuser.vcproj", "{EBD064DA-5146-48A5-BA8A-9C32BF6A396A}"
	ProjectSection(ProjectDependencies) = postProject
		{69054208-EF0C-494E-AA7F-207B35F22B70} = {69054208-EF0C-494E-AA7F-207B35F22B70}
		{8BA8D85D-69C2-4C6D-87F6-5BE489AC4C6D} = {8BA8D85D-69C2-4C6D-87F6-5BE489AC4C6D}
	EndProjectSection
EndProject
Project("{8BC9CEB8-8B4A-11D0-8D11-00A0C91BC942}") = "musicbrainz3", "src\musicbrainz3.vcproj", "{69054208-EF0C-494E-AA7F-207B35F22B70}"
	ProjectSection(ProjectDependencies) = postProject
		{8BA8D85D-69C2-4C6D-87F6-5BE489AC4C6D} = {8BA8D85D-69C2-4C6D-87F6-5BE489AC4C6D}
	EndProjectSection
EndProject
Global
	GlobalSection(SolutionConfigurationPlatforms) = preSolution
		Debug|Win32 = Debug|Win32
		Release|Win32 = Release|Win32
		MinSizeRel|Win32 = MinSizeRel|Win32
		RelWithDebInfo|Win32 = RelWithDebInfo|Win32
	EndGlobalSection
	GlobalSection(ProjectConfigurationPlatforms) = postSolution
		{80D2AA12-761B-48F3-90A9-39260922051D}.Debug|Win32.ActiveCfg = Debug|Win32
		{80D2AA12-761B-48F3-90A9-39260922051D}.Debug|Win32.Build.0 = Debug|Win32
		{80D2AA12-761B-48F3-90A9-39260922051D}.Release|Win32.ActiveCfg = Release|Win32
		{80D2AA12-761B-48F3-90A9-39260922051D}.Release|Win32.Build.0 = Release|Win32
		{80D2AA12-761B-48F3-90A9-39260922051D}.MinSizeRel|Win32.ActiveCfg = MinSizeRel|Win32
		{80D2AA12-761B-48F3-90A9-39260922051D}.MinSizeRel|Win32.Build.0 = MinSizeRel|Win32
		{80D2AA12-761B-48F3-90A9-39260922051D}.RelWithDebInfo|Win32.ActiveCfg = RelWithDebInfo|Win32
		{80D2AA12-761B-48F3-90A9-39260922051D}.RelWithDebInfo|Win32.Build.0 = RelWithDebInfo|Win32
		{DCF80E71-F55A-4530-BF79-3B07A19F095A}.Debug|Win32.ActiveCfg = Debug|Win32
		{DCF80E71-F55A-4530-BF79-3B07A19F095A}.Release|Win32.ActiveCfg = Release|Win32
		{DCF80E71-F55A-4530-BF79-3B07A19F095A}.MinSizeRel|Win32.ActiveCfg = MinSizeRel|Win32
		{DCF80E71-F55A-4530-BF79-3B07A19F095A}.RelWithDebInfo|Win32.ActiveCfg = RelWithDebInfo|Win32
		{8BA8D85D-69C2-4C6D-87F6-5BE489AC4C6D}.Debug|Win32.ActiveCfg = Debug|Win32
		{8BA8D85D-69C2-4C6D-87F6-5BE489AC4C6D}.Debug|Win32.Build.0 = Debug|Win32
		{8BA8D85D-69C2-4C6D-87F6-5BE489AC4C6D}.Release|Win32.ActiveCfg = Release|Win32
		{8BA8D85D-69C2-4C6D-87F6-5BE489AC4C6D}.Release|Win32.Build.0 = Release|Win32
		{8BA8D85D-69C2-4C6D-87F6-5BE489AC4C6D}.MinSizeRel|Win32.ActiveCfg = MinSizeRel|Win32
		{8BA8D85D-69C2-4C6D-87F6-5BE489AC4C6D}.MinSizeRel|Win32.Build.0 = MinSizeRel|Win32
		{8BA8D85D-69C2-4C6D-87F6-5BE489AC4C6D}.RelWithDebInfo|Win32.ActiveCfg = RelWithDebInfo|Win32
		{8BA8D85D-69C2-4C6D-87F6-5BE489AC4C6D}.RelWithDebInfo|Win32.Build.0 = RelWithDebInfo|Win32
		{71C0CC81-6C16-4E38-9D61-02A152011BEE}.Debug|Win32.ActiveCfg = Debug|Win32
		{71C0CC81-6C16-4E38-9D61-02A152011BEE}.Debug|Win32.Build.0 = Debug|Win32
		{71C0CC81-6C16-4E38-9D61-02A152011BEE}.Release|Win32.ActiveCfg = Release|Win32
		{71C0CC81-6C16-4E38-9D61-02A152011BEE}.Release|Win32.Build.0 = Release|Win32
		{71C0CC81-6C16-4E38-9D61-02A152011BEE}.MinSizeRel|Win32.ActiveCfg = MinSizeRel|Win32
		{71C0CC81-6C16-4E38-9D61-02A152011BEE}.MinSizeRel|Win32.Build.0 = MinSizeRel|Win32
		{71C0CC81-6C16-4E38-9D61-02A152011BEE}.RelWithDebInfo|Win32.ActiveCfg = RelWithDebInfo|Win32
		{71C0CC81-6C16-4E38-9D61-02A152011BEE}.RelWithDebInfo|Win32.Build.0 = RelWithDebInfo|Win32
		{30C288F3-E46F-4199-85CB-DE4C0EC30D60}.Debug|Win32.ActiveCfg = Debug|Win32
		{30C288F3-E46F-4199-85CB-DE4C0EC30D60}.Release|Win32.ActiveCfg = Release|Win32
		{30C288F3-E46F-4199-85CB-DE4C0EC30D60}.MinSizeRel|Win32.ActiveCfg = MinSizeRel|Win32
		{30C288F3-E46F-4199-85CB-DE4C0EC30D60}.RelWithDebInfo|Win32.ActiveCfg = RelWithDebInfo|Win32
		{FC2117E5-AD8B-4E48-B69A-D35EF85FA7FB}.Debug|Win32.ActiveCfg = Debug|Win32
		{FC2117E5-AD8B-4E48-B69A-D35EF85FA7FB}.Release|Win32.ActiveCfg = Release|Win32
		{FC2117E5-AD8B-4E48-B69A-D35EF85FA7FB}.MinSizeRel|Win32.ActiveCfg = MinSizeRel|Win32
		{FC2117E5-AD8B-4E48-B69A-D35EF85FA7FB}.RelWithDebInfo|Win32.ActiveCfg = RelWithDebInfo|Win32
		{3A943F32-A6D5-4FA8-ACBF-B6EA0BA3C4A9}.Debug|Win32.ActiveCfg = Debug|Win32
		{3A943F32-A6D5-4FA8-ACBF-B6EA0BA3C4A9}.Debug|Win32.Build.0 = Debug|Win32
		{3A943F32-A6D5-4FA8-ACBF-B6EA0BA3C4A9}.Release|Win32.ActiveCfg = Release|Win32
		{3A943F32-A6D5-4FA8-ACBF-B6EA0BA3C4A9}.Release|Win32.Build.0 = Release|Win32
		{3A943F32-A6D5-4FA8-ACBF-B6EA0BA3C4A9}.MinSizeRel|Win32.ActiveCfg = MinSizeRel|Win32
		{3A943F32-A6D5-4FA8-ACBF-B6EA0BA3C4A9}.MinSizeRel|Win32.Build.0 = MinSizeRel|Win32
		{3A943F32-A6D5-4FA8-ACBF-B6EA0BA3C4A9}.RelWithDebInfo|Win32.ActiveCfg = RelWithDebInfo|Win32
		{3A943F32-A6D5-4FA8-ACBF-B6EA0BA3C4A9}.RelWithDebInfo|Win32.Build.0 = RelWithDebInfo|Win32
		{99DDD9F2-8756-4084-ACE5-FE0AF6524418}.Debug|Win32.ActiveCfg = Debug|Win32
		{99DDD9F2-8756-4084-ACE5-FE0AF6524418}.Debug|Win32.Build.0 = Debug|Win32
		{99DDD9F2-8756-4084-ACE5-FE0AF6524418}.Release|Win32.ActiveCfg = Release|Win32
		{99DDD9F2-8756-4084-ACE5-FE0AF6524418}.Release|Win32.Build.0 = Release|Win32
		{99DDD9F2-8756-4084-ACE5-FE0AF6524418}.MinSizeRel|Win32.ActiveCfg = MinSizeRel|Win32
		{99DDD9F2-8756-4084-ACE5-FE0AF6524418}.MinSizeRel|Win32.Build.0 = MinSizeRel|Win32
		{99DDD9F2-8756-4084-ACE5-FE0AF6524418}.RelWithDebInfo|Win32.ActiveCfg = RelWithDebInfo|Win32
		{99DDD9F2-8756-4084-ACE5-FE0AF6524418}.RelWithDebInfo|Win32.Build.0 = RelWithDebInfo|Win32
		{86D0E128-D8B0-44BE-AB32-9C091DA0C117}.Debug|Win32.ActiveCfg = Debug|Win32
		{86D0E128-D8B0-44BE-AB32-9C091DA0C117}.Debug|Win32.Build.0 = Debug|Win32
		{86D0E128-D8B0-44BE-AB32-9C091DA0C117}.Release|Win32.ActiveCfg = Release|Win32
		{86D0E128-D8B0-44BE-AB32-9C091DA0C117}.Release|Win32.Build.0 = Release|Win32
		{86D0E128-D8B0-44BE-AB32-9C091DA0C117}.MinSizeRel|Win32.ActiveCfg = MinSizeRel|Win32
		{86D0E128-D8B0-44BE-AB32-9C091DA0C117}.MinSizeRel|Win32.Build.0 = MinSizeRel|Win32
		{86D0E128-D8B0-44BE-AB32-9C091DA0C117}.RelWithDebInfo|Win32.ActiveCfg = RelWithDebInfo|Win32
		{86D0E128-D8B0-44BE-AB32-9C091DA0C117}.RelWithDebInfo|Win32.Build.0 = RelWithDebInfo|Win32
		{9E359709-5EC0-42E9-91CB-9F9CF409F254}.Debug|Win32.ActiveCfg = Debug|Win32
		{9E359709-5EC0-42E9-91CB-9F9CF409F254}.Debug|Win32.Build.0 = Debug|Win32
		{9E359709-5EC0-42E9-91CB-9F9CF409F254}.Release|Win32.ActiveCfg = Release|Win32
		{9E359709-5EC0-42E9-91CB-9F9CF409F254}.Release|Win32.Build.0 = Release|Win32
		{9E359709-5EC0-42E9-91CB-9F9CF409F254}.MinSizeRel|Win32.ActiveCfg = MinSizeRel|Win32
		{9E359709-5EC0-42E9-91CB-9F9CF409F254}.MinSizeRel|Win32.Build.0 = MinSizeRel|Win32
		{9E359709-5EC0-42E9-91CB-9F9CF409F254}.RelWithDebInfo|Win32.ActiveCfg = RelWithDebInfo|Win32
		{9E359709-5EC0-42E9-91CB-9F9CF409F254}.RelWithDebInfo|Win32.Build.0 = RelWithDebInfo|Win32
		{EBD064DA-5146-48A5-BA8A-9C32BF6A396A}.Debug|Win32.ActiveCfg = Debug|Win32
		{EBD064DA-5146-48A5-BA8A-9C32BF6A396A}.Debug|Win32.Build.0 = Debug|Win32
		{EBD064DA-5146-48A5-BA8A-9C32BF6A396A}.Release|Win32.ActiveCfg = Release|Win32
		{EBD064DA-5146-48A5-BA8A-9C32BF6A396A}.Release|Win32.Build.0 = Release|Win32
		{EBD064DA-5146-48A5-BA8A-9C32BF6A396A}.MinSizeRel|Win32.ActiveCfg = MinSizeRel|Win32
		{EBD064DA-5146-48A5-BA8A-9C32BF6A396A}.MinSizeRel|Win32.Build.0 = MinSizeRel|Win32
		{EBD064DA-5146-48A5-BA8A-9C32BF6A396A}.RelWithDebInfo|Win32.ActiveCfg = RelWithDebInfo|Win32
		{EBD064DA-5146-48A5-BA8A-9C32BF6A396A}.RelWithDebInfo|Win32.Build.0 = RelWithDebInfo|Win32
		{69054208-EF0C-494E-AA7F-207B35F22B70}.Debug|Win32.ActiveCfg = Debug|Win32
		{69054208-EF0C-494E-AA7F-207B35F22B70}.Debug|Win32.Build.0 = Debug|Win32
		{69054208-EF0C-494E-AA7F-207B35F22B70}.Release|Win32.ActiveCfg = Release|Win32
		{69054208-EF0C-494E-AA7F-207B35F22B70}.Release|Win32.Build.0 = Release|Win32
		{69054208-EF0C-494E-AA7F-207B35F22B70}.MinSizeRel|Win32.ActiveCfg = MinSizeRel|Win32
		{69054208-EF0C-494E-AA7F-207B35F22B70}.MinSizeRel|Win32.Build.0 = MinSizeRel|Win32
		{69054208-EF0C-494E-AA7F-207B35F22B70}.RelWithDebInfo|Win32.ActiveCfg = RelWithDebInfo|Win32
		{69054208-EF0C-494E-AA7F-207B35F22B70}.RelWithDebInfo|Win32.Build.0 = RelWithDebInfo|Win32
	EndGlobalSection
	GlobalSection(ExtensibilityGlobals) = postSolution
	EndGlobalSection
	GlobalSection(ExtensibilityAddIns) = postSolution
	EndGlobalSection
EndGlobal
