Microsoft Visual Studio Solution File, Format Version 10.00
# Visual Studio 2008
Project("{8BC9CEB8-8B4A-11D0-8D11-00A0C91BC942}") = "ALL_BUILD", ".\ALL_BUILD.vcproj", "{75352FD9-F71D-48F2-AFC7-8248ED943B7A}"
	ProjectSection(ProjectDependencies) = postProject
		{34F64A43-692F-4F7D-9324-B3918D087A64} = {34F64A43-692F-4F7D-9324-B3918D087A64}
		{930734B3-E97B-4B10-A32F-A0B2ADEE32A6} = {930734B3-E97B-4B10-A32F-A0B2ADEE32A6}
		{E971D184-C3F6-4FE0-9CFB-0530D097BD5D} = {E971D184-C3F6-4FE0-9CFB-0530D097BD5D}
		{95364DA2-3737-43F2-93B7-8F96BDEBE84B} = {95364DA2-3737-43F2-93B7-8F96BDEBE84B}
	EndProjectSection
EndProject
Project("{8BC9CEB8-8B4A-11D0-8D11-00A0C91BC942}") = "INSTALL", ".\INSTALL.vcproj", "{47B9FEEF-E4AA-4467-B7FA-9FED396340A9}"
	ProjectSection(ProjectDependencies) = postProject
		{75352FD9-F71D-48F2-AFC7-8248ED943B7A} = {75352FD9-F71D-48F2-AFC7-8248ED943B7A}
	EndProjectSection
EndProject
Project("{8BC9CEB8-8B4A-11D0-8D11-00A0C91BC942}") = "ZERO_CHECK", ".\ZERO_CHECK.vcproj", "{34F64A43-692F-4F7D-9324-B3918D087A64}"
	ProjectSection(ProjectDependencies) = postProject
	EndProjectSection
EndProject
Project("{8BC9CEB8-8B4A-11D0-8D11-00A0C91BC942}") = "discid", ".\discid.vcproj", "{930734B3-E97B-4B10-A32F-A0B2ADEE32A6}"
	ProjectSection(ProjectDependencies) = postProject
		{E971D184-C3F6-4FE0-9CFB-0530D097BD5D} = {E971D184-C3F6-4FE0-9CFB-0530D097BD5D}
		{34F64A43-692F-4F7D-9324-B3918D087A64} = {34F64A43-692F-4F7D-9324-B3918D087A64}
	EndProjectSection
EndProject
Project("{8BC9CEB8-8B4A-11D0-8D11-00A0C91BC942}") = "dist", ".\dist.vcproj", "{F2F2F860-087B-48A6-B83E-858D1D916D49}"
	ProjectSection(ProjectDependencies) = postProject
		{34F64A43-692F-4F7D-9324-B3918D087A64} = {34F64A43-692F-4F7D-9324-B3918D087A64}
	EndProjectSection
EndProject
Project("{8BC9CEB8-8B4A-11D0-8D11-00A0C91BC942}") = "docs", ".\docs.vcproj", "{94385CCC-983A-4FB9-8306-800EBC495CE8}"
	ProjectSection(ProjectDependencies) = postProject
		{34F64A43-692F-4F7D-9324-B3918D087A64} = {34F64A43-692F-4F7D-9324-B3918D087A64}
	EndProjectSection
EndProject
Project("{8BC9CEB8-8B4A-11D0-8D11-00A0C91BC942}") = "libdiscid", ".\libdiscid.vcproj", "{E971D184-C3F6-4FE0-9CFB-0530D097BD5D}"
	ProjectSection(ProjectDependencies) = postProject
		{34F64A43-692F-4F7D-9324-B3918D087A64} = {34F64A43-692F-4F7D-9324-B3918D087A64}
	EndProjectSection
EndProject
Project("{8BC9CEB8-8B4A-11D0-8D11-00A0C91BC942}") = "test_discid", ".\test_discid.vcproj", "{95364DA2-3737-43F2-93B7-8F96BDEBE84B}"
	ProjectSection(ProjectDependencies) = postProject
		{E971D184-C3F6-4FE0-9CFB-0530D097BD5D} = {E971D184-C3F6-4FE0-9CFB-0530D097BD5D}
		{34F64A43-692F-4F7D-9324-B3918D087A64} = {34F64A43-692F-4F7D-9324-B3918D087A64}
	EndProjectSection
EndProject
Global
	GlobalSection(SolutionConfigurationPlatforms) = preSolution
		Debug|Win32 = Debug|Win32
		Release|Win32 = Release|Win32
		MinSizeRel|Win32 = MinSizeRel|Win32
		RelWithDebInfo|Win32 = RelWithDebInfo|Win32
	EndGlobalSection
	GlobalSection(ProjectConfigurationPlatforms) = postSolution
		{75352FD9-F71D-48F2-AFC7-8248ED943B7A}.Debug|Win32.ActiveCfg = Debug|Win32
		{75352FD9-F71D-48F2-AFC7-8248ED943B7A}.Debug|Win32.Build.0 = Debug|Win32
		{75352FD9-F71D-48F2-AFC7-8248ED943B7A}.Release|Win32.ActiveCfg = Release|Win32
		{75352FD9-F71D-48F2-AFC7-8248ED943B7A}.Release|Win32.Build.0 = Release|Win32
		{75352FD9-F71D-48F2-AFC7-8248ED943B7A}.MinSizeRel|Win32.ActiveCfg = MinSizeRel|Win32
		{75352FD9-F71D-48F2-AFC7-8248ED943B7A}.MinSizeRel|Win32.Build.0 = MinSizeRel|Win32
		{75352FD9-F71D-48F2-AFC7-8248ED943B7A}.RelWithDebInfo|Win32.ActiveCfg = RelWithDebInfo|Win32
		{75352FD9-F71D-48F2-AFC7-8248ED943B7A}.RelWithDebInfo|Win32.Build.0 = RelWithDebInfo|Win32
		{47B9FEEF-E4AA-4467-B7FA-9FED396340A9}.Debug|Win32.ActiveCfg = Debug|Win32
		{47B9FEEF-E4AA-4467-B7FA-9FED396340A9}.Release|Win32.ActiveCfg = Release|Win32
		{47B9FEEF-E4AA-4467-B7FA-9FED396340A9}.MinSizeRel|Win32.ActiveCfg = MinSizeRel|Win32
		{47B9FEEF-E4AA-4467-B7FA-9FED396340A9}.RelWithDebInfo|Win32.ActiveCfg = RelWithDebInfo|Win32
		{34F64A43-692F-4F7D-9324-B3918D087A64}.Debug|Win32.ActiveCfg = Debug|Win32
		{34F64A43-692F-4F7D-9324-B3918D087A64}.Debug|Win32.Build.0 = Debug|Win32
		{34F64A43-692F-4F7D-9324-B3918D087A64}.Release|Win32.ActiveCfg = Release|Win32
		{34F64A43-692F-4F7D-9324-B3918D087A64}.Release|Win32.Build.0 = Release|Win32
		{34F64A43-692F-4F7D-9324-B3918D087A64}.MinSizeRel|Win32.ActiveCfg = MinSizeRel|Win32
		{34F64A43-692F-4F7D-9324-B3918D087A64}.MinSizeRel|Win32.Build.0 = MinSizeRel|Win32
		{34F64A43-692F-4F7D-9324-B3918D087A64}.RelWithDebInfo|Win32.ActiveCfg = RelWithDebInfo|Win32
		{34F64A43-692F-4F7D-9324-B3918D087A64}.RelWithDebInfo|Win32.Build.0 = RelWithDebInfo|Win32
		{930734B3-E97B-4B10-A32F-A0B2ADEE32A6}.Debug|Win32.ActiveCfg = Debug|Win32
		{930734B3-E97B-4B10-A32F-A0B2ADEE32A6}.Debug|Win32.Build.0 = Debug|Win32
		{930734B3-E97B-4B10-A32F-A0B2ADEE32A6}.Release|Win32.ActiveCfg = Release|Win32
		{930734B3-E97B-4B10-A32F-A0B2ADEE32A6}.Release|Win32.Build.0 = Release|Win32
		{930734B3-E97B-4B10-A32F-A0B2ADEE32A6}.MinSizeRel|Win32.ActiveCfg = MinSizeRel|Win32
		{930734B3-E97B-4B10-A32F-A0B2ADEE32A6}.MinSizeRel|Win32.Build.0 = MinSizeRel|Win32
		{930734B3-E97B-4B10-A32F-A0B2ADEE32A6}.RelWithDebInfo|Win32.ActiveCfg = RelWithDebInfo|Win32
		{930734B3-E97B-4B10-A32F-A0B2ADEE32A6}.RelWithDebInfo|Win32.Build.0 = RelWithDebInfo|Win32
		{F2F2F860-087B-48A6-B83E-858D1D916D49}.Debug|Win32.ActiveCfg = Debug|Win32
		{F2F2F860-087B-48A6-B83E-858D1D916D49}.Release|Win32.ActiveCfg = Release|Win32
		{F2F2F860-087B-48A6-B83E-858D1D916D49}.MinSizeRel|Win32.ActiveCfg = MinSizeRel|Win32
		{F2F2F860-087B-48A6-B83E-858D1D916D49}.RelWithDebInfo|Win32.ActiveCfg = RelWithDebInfo|Win32
		{94385CCC-983A-4FB9-8306-800EBC495CE8}.Debug|Win32.ActiveCfg = Debug|Win32
		{94385CCC-983A-4FB9-8306-800EBC495CE8}.Release|Win32.ActiveCfg = Release|Win32
		{94385CCC-983A-4FB9-8306-800EBC495CE8}.MinSizeRel|Win32.ActiveCfg = MinSizeRel|Win32
		{94385CCC-983A-4FB9-8306-800EBC495CE8}.RelWithDebInfo|Win32.ActiveCfg = RelWithDebInfo|Win32
		{E971D184-C3F6-4FE0-9CFB-0530D097BD5D}.Debug|Win32.ActiveCfg = Debug|Win32
		{E971D184-C3F6-4FE0-9CFB-0530D097BD5D}.Debug|Win32.Build.0 = Debug|Win32
		{E971D184-C3F6-4FE0-9CFB-0530D097BD5D}.Release|Win32.ActiveCfg = Release|Win32
		{E971D184-C3F6-4FE0-9CFB-0530D097BD5D}.Release|Win32.Build.0 = Release|Win32
		{E971D184-C3F6-4FE0-9CFB-0530D097BD5D}.MinSizeRel|Win32.ActiveCfg = MinSizeRel|Win32
		{E971D184-C3F6-4FE0-9CFB-0530D097BD5D}.MinSizeRel|Win32.Build.0 = MinSizeRel|Win32
		{E971D184-C3F6-4FE0-9CFB-0530D097BD5D}.RelWithDebInfo|Win32.ActiveCfg = RelWithDebInfo|Win32
		{E971D184-C3F6-4FE0-9CFB-0530D097BD5D}.RelWithDebInfo|Win32.Build.0 = RelWithDebInfo|Win32
		{95364DA2-3737-43F2-93B7-8F96BDEBE84B}.Debug|Win32.ActiveCfg = Debug|Win32
		{95364DA2-3737-43F2-93B7-8F96BDEBE84B}.Debug|Win32.Build.0 = Debug|Win32
		{95364DA2-3737-43F2-93B7-8F96BDEBE84B}.Release|Win32.ActiveCfg = Release|Win32
		{95364DA2-3737-43F2-93B7-8F96BDEBE84B}.Release|Win32.Build.0 = Release|Win32
		{95364DA2-3737-43F2-93B7-8F96BDEBE84B}.MinSizeRel|Win32.ActiveCfg = MinSizeRel|Win32
		{95364DA2-3737-43F2-93B7-8F96BDEBE84B}.MinSizeRel|Win32.Build.0 = MinSizeRel|Win32
		{95364DA2-3737-43F2-93B7-8F96BDEBE84B}.RelWithDebInfo|Win32.ActiveCfg = RelWithDebInfo|Win32
		{95364DA2-3737-43F2-93B7-8F96BDEBE84B}.RelWithDebInfo|Win32.Build.0 = RelWithDebInfo|Win32
	EndGlobalSection
	GlobalSection(ExtensibilityGlobals) = postSolution
	EndGlobalSection
	GlobalSection(ExtensibilityAddIns) = postSolution
	EndGlobalSection
EndGlobal
